
Microsoft Visual Studio Solution File, Format Version 12.00
# Visual Studio Version 17
VisualStudioVersion = 17.2.32505.173
MinimumVisualStudioVersion = 10.0.40219.1
Project("{FAE04EC0-301F-11D3-BF4B-00C04F79EFBC}") = "Lab 8", "Lab 8\Lab 8.csproj", "{D2AC4C27-E419-4982-A8B4-BC345AECB87D}"
EndProject
Global
	GlobalSection(SolutionConfigurationPlatforms) = preSolution
		Debug|Any CPU = Debug|Any CPU
		Release|Any CPU = Release|Any CPU
	EndGlobalSection
	GlobalSection(ProjectConfigurationPlatforms) = postSolution
		{D2AC4C27-E419-4982-A8B4-BC345AECB87D}.Debug|Any CPU.ActiveCfg = Debug|Any CPU
		{D2AC4C27-E419-4982-A8B4-BC345AECB87D}.Debug|Any CPU.Build.0 = Debug|Any CPU
		{D2AC4C27-E419-4982-A8B4-BC345AECB87D}.Release|Any CPU.ActiveCfg = Release|Any CPU
		{D2AC4C27-E419-4982-A8B4-BC345AECB87D}.Release|Any CPU.Build.0 = Release|Any CPU
	EndGlobalSection
	GlobalSection(SolutionProperties) = preSolution
		HideSolutionNode = FALSE
	EndGlobalSection
	GlobalSection(ExtensibilityGlobals) = postSolution
		SolutionGuid = {36D67FED-3D60-4621-9DCD-6F61173D0360}
	EndGlobalSection
EndGlobal
